
Microsoft Visual Studio Solution File, Format Version 12.00
# Visual Studio Version 16
VisualStudioVersion = 16.0.30907.101
MinimumVisualStudioVersion = 10.0.40219.1
Project("{9A19103F-16F7-4668-BE54-9A1E7A4F7556}") = "RegistroOrdenesDetalle", "RegistroOrdenesDetalle\RegistroOrdenesDetalle.csproj", "{C05A207F-83DF-4658-B087-8156196A944D}"
EndProject
Global
	GlobalSection(SolutionConfigurationPlatforms) = preSolution
		Debug|Any CPU = Debug|Any CPU
		Release|Any CPU = Release|Any CPU
	EndGlobalSection
	GlobalSection(ProjectConfigurationPlatforms) = postSolution
		{C05A207F-83DF-4658-B087-8156196A944D}.Debug|Any CPU.ActiveCfg = Debug|Any CPU
		{C05A207F-83DF-4658-B087-8156196A944D}.Debug|Any CPU.Build.0 = Debug|Any CPU
		{C05A207F-83DF-4658-B087-8156196A944D}.Release|Any CPU.ActiveCfg = Release|Any CPU
		{C05A207F-83DF-4658-B087-8156196A944D}.Release|Any CPU.Build.0 = Release|Any CPU
	EndGlobalSection
	GlobalSection(SolutionProperties) = preSolution
		HideSolutionNode = FALSE
	EndGlobalSection
	GlobalSection(ExtensibilityGlobals) = postSolution
		SolutionGuid = {AC927EED-36DC-4285-8748-DDD0FDD23017}
	EndGlobalSection
EndGlobal
